
Microsoft Visual Studio Solution File, Format Version 12.00
# Visual Studio Version 17
VisualStudioVersion = 17.3.32811.315
MinimumVisualStudioVersion = 10.0.40219.1
Project("{9A19103F-16F7-4668-BE54-9A1E7A4F7556}") = "Revealsintention", "src\MeaningfulNames\Revealsintention\Revealsintention.csproj", "{EBD7976C-ECCC-40DD-8174-28B0739A656A}"
EndProject
Project("{2150E333-8FDC-42A3-9474-1A3956D46DE8}") = "src", "src", "{6C493771-5710-4B08-AE41-AC62358B1108}"
EndProject
Project("{2150E333-8FDC-42A3-9474-1A3956D46DE8}") = "MeaningfulNames", "MeaningfulNames", "{518AE5E0-17A7-4B2C-8630-3C9F2D2EC57E}"
EndProject
Project("{9A19103F-16F7-4668-BE54-9A1E7A4F7556}") = "NamesWhichVaryInSmallWays", "src\MeaningfulNames\NamesWhichVaryInSmallWays\NamesWhichVaryInSmallWays.csproj", "{AF965BD5-AC3F-4F39-919C-3C8613107ACE}"
EndProject
Project("{9A19103F-16F7-4668-BE54-9A1E7A4F7556}") = "MakeMeaningfulDistinctions", "src\MeaningfulNames\MakeMeaningfulDistinctions\MakeMeaningfulDistinctions.csproj", "{FE5714DE-ABB1-4A5E-B8B9-03FB910BAA7D}"
EndProject
Project("{9A19103F-16F7-4668-BE54-9A1E7A4F7556}") = "UsePronounceableNames", "src\MeaningfulNames\UsePronounceableNames\UsePronounceableNames.csproj", "{B2268AD2-13B4-4285-851C-C0FEAD3041AB}"
EndProject
Project("{9A19103F-16F7-4668-BE54-9A1E7A4F7556}") = "UseSearchableNames", "src\MeaningfulNames\UseSearchableNames\UseSearchableNames.csproj", "{FC93C2CB-2665-4F1F-B835-2B4C5977018D}"
EndProject
Project("{9A19103F-16F7-4668-BE54-9A1E7A4F7556}") = "AvoidEncoding", "src\MeaningfulNames\AvoidEncoding\AvoidEncoding.csproj", "{CA0E78D5-802C-44A0-B69E-C7EAE3BD05D5}"
EndProject
Project("{9A19103F-16F7-4668-BE54-9A1E7A4F7556}") = "InterfacesandImplementations", "src\MeaningfulNames\InterfacesandImplementations\InterfacesandImplementations.csproj", "{581D985B-2A93-44B7-9FD6-7DE2050A3765}"
EndProject
Project("{9A19103F-16F7-4668-BE54-9A1E7A4F7556}") = "AvoidMentalMapping", "src\MeaningfulNames\AvoidMentalMapping\AvoidMentalMapping.csproj", "{E11279F2-1CFA-44EE-9506-0599281A26C8}"
EndProject
Project("{9A19103F-16F7-4668-BE54-9A1E7A4F7556}") = "ClassNames", "src\MeaningfulNames\ClassNames\ClassNames.csproj", "{48CB7B7F-99FD-43E2-99B2-90C6152F572A}"
EndProject
Project("{9A19103F-16F7-4668-BE54-9A1E7A4F7556}") = "MethodNames", "src\MeaningfulNames\MethodNames\MethodNames.csproj", "{82B5119F-AEDC-4E22-88DD-41B23B075AE3}"
EndProject
Project("{9A19103F-16F7-4668-BE54-9A1E7A4F7556}") = "Pickonewordperconcept", "src\MeaningfulNames\Pickonewordperconcept\Pickonewordperconcept.csproj", "{18A2B1E3-E1BB-443B-A492-A01F886B5B62}"
EndProject
Project("{9A19103F-16F7-4668-BE54-9A1E7A4F7556}") = "DontPun", "src\MeaningfulNames\DontPun\DontPun.csproj", "{AFF6DD91-11DE-489A-8778-228DE3831A8A}"
EndProject
Project("{9A19103F-16F7-4668-BE54-9A1E7A4F7556}") = "SolutionProblemDomainNames", "src\MeaningfulNames\SolutionProblemDomainNames\SolutionProblemDomainNames.csproj", "{8348EDD2-3EAB-4F06-A7CA-C9E10F216FE0}"
EndProject
Project("{9A19103F-16F7-4668-BE54-9A1E7A4F7556}") = "AddMeaningfulcontext", "src\MeaningfulNames\AddMeaningfulcontext\AddMeaningfulcontext.csproj", "{26561F86-E659-436F-9F62-62B8524B0A78}"
EndProject
Project("{9A19103F-16F7-4668-BE54-9A1E7A4F7556}") = "DontAddGratuitousContext", "src\MeaningfulNames\DontAddGratuitousContext\DontAddGratuitousContext.csproj", "{D165A309-B2E2-4AD0-97B8-230DB7E8B32C}"
EndProject
Project("{2150E333-8FDC-42A3-9474-1A3956D46DE8}") = "Functions", "Functions", "{D96FCC75-CFC3-43CE-A56D-408C0C4DD99B}"
EndProject
Project("{9A19103F-16F7-4668-BE54-9A1E7A4F7556}") = "SmallAndSmaller", "src\Functions\SmallAndSmaller\SmallAndSmaller.csproj", "{58B82271-8DFC-4BBF-BC8F-92CDCC4903FD}"
EndProject
Project("{9A19103F-16F7-4668-BE54-9A1E7A4F7556}") = "BlocksandIndenting", "src\Functions\BlocksandIndenting\BlocksandIndenting.csproj", "{92BE577A-4C5C-4578-A6AA-54B5A9F5D5CC}"
EndProject
Project("{9A19103F-16F7-4668-BE54-9A1E7A4F7556}") = "DoOneThing", "src\Functions\DoOneThing\DoOneThing.csproj", "{B7BBAB24-E56F-4B0F-BD9B-9AEC2982159D}"
EndProject
Project("{9A19103F-16F7-4668-BE54-9A1E7A4F7556}") = "OneLevelofAbstractionperFunction", "src\Functions\OneLevelofAbstractionperFunction\OneLevelofAbstractionperFunction.csproj", "{33584E2B-E1D1-4FF1-BA1C-19710336E1E3}"
EndProject
Project("{9A19103F-16F7-4668-BE54-9A1E7A4F7556}") = "SwitchStatements", "src\Functions\SwitchStatements\SwitchStatements.csproj", "{F3DB351D-5602-4306-B651-304E47E963D8}"
EndProject
Project("{9A19103F-16F7-4668-BE54-9A1E7A4F7556}") = "FlagArguments", "src\Functions\FlagArguments\FlagArguments.csproj", "{C085922C-92B4-4470-A61D-09F796425AA6}"
EndProject
Project("{9A19103F-16F7-4668-BE54-9A1E7A4F7556}") = "FunctionArguments", "src\Functions\FunctionArguments\FunctionArguments.csproj", "{78B4FCD4-7FF5-4BF4-872D-59E8DC648FF6}"
EndProject
Project("{9A19103F-16F7-4668-BE54-9A1E7A4F7556}") = "PreferExceptionstoReturningErrorCodes", "src\Functions\PreferExceptionstoReturningErrorCodes\PreferExceptionstoReturningErrorCodes.csproj", "{C7B7851A-BCE6-4116-82B2-A628CF814C6E}"
EndProject
Project("{9A19103F-16F7-4668-BE54-9A1E7A4F7556}") = "CommandQuerySeparation", "src\Functions\CommandQuerySeparation\CommandQuerySeparation.csproj", "{E8A4497E-6418-4F4B-BD21-EBB009892038}"
EndProject
Project("{9A19103F-16F7-4668-BE54-9A1E7A4F7556}") = "HaveNoSideEffects", "src\Functions\HaveNoSideEffects\HaveNoSideEffects.csproj", "{A86F60E8-8AF1-4FFD-95B0-36C4A22B1816}"
EndProject
Project("{9A19103F-16F7-4668-BE54-9A1E7A4F7556}") = "ExtractTryCatchBlocks", "src\Functions\ExtractTryCatchBlocks\ExtractTryCatchBlocks.csproj", "{DEAA9585-EB00-4926-BC0C-D5BED96AE756}"
EndProject
Project("{2150E333-8FDC-42A3-9474-1A3956D46DE8}") = "Comments", "Comments", "{DE5230D2-FB6A-4A2C-A0D2-B5D206F7A337}"
EndProject
Project("{9A19103F-16F7-4668-BE54-9A1E7A4F7556}") = "ExplanationofIntent", "src\Comments\ExplanationofIntent\ExplanationofIntent.csproj", "{0E95B213-8C91-4F2C-B466-ACE6C8BF1A49}"
EndProject
Project("{9A19103F-16F7-4668-BE54-9A1E7A4F7556}") = "Clariﬁcation", "src\Comments\Clariﬁcation\Clariﬁcation.csproj", "{89B924B2-9F09-4003-B6E1-75F4898AADDB}"
EndProject
Project("{FAE04EC0-301F-11D3-BF4B-00C04F79EFBC}") = "RedundantComments", "src\Comments\RedundantComments\RedundantComments.csproj", "{779D88EC-F20E-4DCF-81FE-8CC423E752FC}"
EndProject
Project("{FAE04EC0-301F-11D3-BF4B-00C04F79EFBC}") = "MandatedComments", "src\Comments\MandatedComments\MandatedComments.csproj", "{6BEED9E1-2E3A-48B1-9BDD-4A4C4621C496}"
EndProject
Project("{FAE04EC0-301F-11D3-BF4B-00C04F79EFBC}") = "ClosingBraceComments", "src\Comments\ClosingBraceComments\ClosingBraceComments.csproj", "{C07B88F4-F297-4078-92A4-123360E3EEEB}"
EndProject
Global
	GlobalSection(SolutionConfigurationPlatforms) = preSolution
		Debug|Any CPU = Debug|Any CPU
		Release|Any CPU = Release|Any CPU
	EndGlobalSection
	GlobalSection(ProjectConfigurationPlatforms) = postSolution
		{EBD7976C-ECCC-40DD-8174-28B0739A656A}.Debug|Any CPU.ActiveCfg = Debug|Any CPU
		{EBD7976C-ECCC-40DD-8174-28B0739A656A}.Debug|Any CPU.Build.0 = Debug|Any CPU
		{EBD7976C-ECCC-40DD-8174-28B0739A656A}.Release|Any CPU.ActiveCfg = Release|Any CPU
		{EBD7976C-ECCC-40DD-8174-28B0739A656A}.Release|Any CPU.Build.0 = Release|Any CPU
		{AF965BD5-AC3F-4F39-919C-3C8613107ACE}.Debug|Any CPU.ActiveCfg = Debug|Any CPU
		{AF965BD5-AC3F-4F39-919C-3C8613107ACE}.Debug|Any CPU.Build.0 = Debug|Any CPU
		{AF965BD5-AC3F-4F39-919C-3C8613107ACE}.Release|Any CPU.ActiveCfg = Release|Any CPU
		{AF965BD5-AC3F-4F39-919C-3C8613107ACE}.Release|Any CPU.Build.0 = Release|Any CPU
		{FE5714DE-ABB1-4A5E-B8B9-03FB910BAA7D}.Debug|Any CPU.ActiveCfg = Debug|Any CPU
		{FE5714DE-ABB1-4A5E-B8B9-03FB910BAA7D}.Debug|Any CPU.Build.0 = Debug|Any CPU
		{FE5714DE-ABB1-4A5E-B8B9-03FB910BAA7D}.Release|Any CPU.ActiveCfg = Release|Any CPU
		{FE5714DE-ABB1-4A5E-B8B9-03FB910BAA7D}.Release|Any CPU.Build.0 = Release|Any CPU
		{B2268AD2-13B4-4285-851C-C0FEAD3041AB}.Debug|Any CPU.ActiveCfg = Debug|Any CPU
		{B2268AD2-13B4-4285-851C-C0FEAD3041AB}.Debug|Any CPU.Build.0 = Debug|Any CPU
		{B2268AD2-13B4-4285-851C-C0FEAD3041AB}.Release|Any CPU.ActiveCfg = Release|Any CPU
		{B2268AD2-13B4-4285-851C-C0FEAD3041AB}.Release|Any CPU.Build.0 = Release|Any CPU
		{FC93C2CB-2665-4F1F-B835-2B4C5977018D}.Debug|Any CPU.ActiveCfg = Debug|Any CPU
		{FC93C2CB-2665-4F1F-B835-2B4C5977018D}.Debug|Any CPU.Build.0 = Debug|Any CPU
		{FC93C2CB-2665-4F1F-B835-2B4C5977018D}.Release|Any CPU.ActiveCfg = Release|Any CPU
		{FC93C2CB-2665-4F1F-B835-2B4C5977018D}.Release|Any CPU.Build.0 = Release|Any CPU
		{CA0E78D5-802C-44A0-B69E-C7EAE3BD05D5}.Debug|Any CPU.ActiveCfg = Debug|Any CPU
		{CA0E78D5-802C-44A0-B69E-C7EAE3BD05D5}.Debug|Any CPU.Build.0 = Debug|Any CPU
		{CA0E78D5-802C-44A0-B69E-C7EAE3BD05D5}.Release|Any CPU.ActiveCfg = Release|Any CPU
		{CA0E78D5-802C-44A0-B69E-C7EAE3BD05D5}.Release|Any CPU.Build.0 = Release|Any CPU
		{581D985B-2A93-44B7-9FD6-7DE2050A3765}.Debug|Any CPU.ActiveCfg = Debug|Any CPU
		{581D985B-2A93-44B7-9FD6-7DE2050A3765}.Debug|Any CPU.Build.0 = Debug|Any CPU
		{581D985B-2A93-44B7-9FD6-7DE2050A3765}.Release|Any CPU.ActiveCfg = Release|Any CPU
		{581D985B-2A93-44B7-9FD6-7DE2050A3765}.Release|Any CPU.Build.0 = Release|Any CPU
		{E11279F2-1CFA-44EE-9506-0599281A26C8}.Debug|Any CPU.ActiveCfg = Debug|Any CPU
		{E11279F2-1CFA-44EE-9506-0599281A26C8}.Debug|Any CPU.Build.0 = Debug|Any CPU
		{E11279F2-1CFA-44EE-9506-0599281A26C8}.Release|Any CPU.ActiveCfg = Release|Any CPU
		{E11279F2-1CFA-44EE-9506-0599281A26C8}.Release|Any CPU.Build.0 = Release|Any CPU
		{48CB7B7F-99FD-43E2-99B2-90C6152F572A}.Debug|Any CPU.ActiveCfg = Debug|Any CPU
		{48CB7B7F-99FD-43E2-99B2-90C6152F572A}.Debug|Any CPU.Build.0 = Debug|Any CPU
		{48CB7B7F-99FD-43E2-99B2-90C6152F572A}.Release|Any CPU.ActiveCfg = Release|Any CPU
		{48CB7B7F-99FD-43E2-99B2-90C6152F572A}.Release|Any CPU.Build.0 = Release|Any CPU
		{82B5119F-AEDC-4E22-88DD-41B23B075AE3}.Debug|Any CPU.ActiveCfg = Debug|Any CPU
		{82B5119F-AEDC-4E22-88DD-41B23B075AE3}.Debug|Any CPU.Build.0 = Debug|Any CPU
		{82B5119F-AEDC-4E22-88DD-41B23B075AE3}.Release|Any CPU.ActiveCfg = Release|Any CPU
		{82B5119F-AEDC-4E22-88DD-41B23B075AE3}.Release|Any CPU.Build.0 = Release|Any CPU
		{18A2B1E3-E1BB-443B-A492-A01F886B5B62}.Debug|Any CPU.ActiveCfg = Debug|Any CPU
		{18A2B1E3-E1BB-443B-A492-A01F886B5B62}.Debug|Any CPU.Build.0 = Debug|Any CPU
		{18A2B1E3-E1BB-443B-A492-A01F886B5B62}.Release|Any CPU.ActiveCfg = Release|Any CPU
		{18A2B1E3-E1BB-443B-A492-A01F886B5B62}.Release|Any CPU.Build.0 = Release|Any CPU
		{AFF6DD91-11DE-489A-8778-228DE3831A8A}.Debug|Any CPU.ActiveCfg = Debug|Any CPU
		{AFF6DD91-11DE-489A-8778-228DE3831A8A}.Debug|Any CPU.Build.0 = Debug|Any CPU
		{AFF6DD91-11DE-489A-8778-228DE3831A8A}.Release|Any CPU.ActiveCfg = Release|Any CPU
		{AFF6DD91-11DE-489A-8778-228DE3831A8A}.Release|Any CPU.Build.0 = Release|Any CPU
		{8348EDD2-3EAB-4F06-A7CA-C9E10F216FE0}.Debug|Any CPU.ActiveCfg = Debug|Any CPU
		{8348EDD2-3EAB-4F06-A7CA-C9E10F216FE0}.Debug|Any CPU.Build.0 = Debug|Any CPU
		{8348EDD2-3EAB-4F06-A7CA-C9E10F216FE0}.Release|Any CPU.ActiveCfg = Release|Any CPU
		{8348EDD2-3EAB-4F06-A7CA-C9E10F216FE0}.Release|Any CPU.Build.0 = Release|Any CPU
		{26561F86-E659-436F-9F62-62B8524B0A78}.Debug|Any CPU.ActiveCfg = Debug|Any CPU
		{26561F86-E659-436F-9F62-62B8524B0A78}.Debug|Any CPU.Build.0 = Debug|Any CPU
		{26561F86-E659-436F-9F62-62B8524B0A78}.Release|Any CPU.ActiveCfg = Release|Any CPU
		{26561F86-E659-436F-9F62-62B8524B0A78}.Release|Any CPU.Build.0 = Release|Any CPU
		{D165A309-B2E2-4AD0-97B8-230DB7E8B32C}.Debug|Any CPU.ActiveCfg = Debug|Any CPU
		{D165A309-B2E2-4AD0-97B8-230DB7E8B32C}.Debug|Any CPU.Build.0 = Debug|Any CPU
		{D165A309-B2E2-4AD0-97B8-230DB7E8B32C}.Release|Any CPU.ActiveCfg = Release|Any CPU
		{D165A309-B2E2-4AD0-97B8-230DB7E8B32C}.Release|Any CPU.Build.0 = Release|Any CPU
		{58B82271-8DFC-4BBF-BC8F-92CDCC4903FD}.Debug|Any CPU.ActiveCfg = Debug|Any CPU
		{58B82271-8DFC-4BBF-BC8F-92CDCC4903FD}.Debug|Any CPU.Build.0 = Debug|Any CPU
		{58B82271-8DFC-4BBF-BC8F-92CDCC4903FD}.Release|Any CPU.ActiveCfg = Release|Any CPU
		{58B82271-8DFC-4BBF-BC8F-92CDCC4903FD}.Release|Any CPU.Build.0 = Release|Any CPU
		{92BE577A-4C5C-4578-A6AA-54B5A9F5D5CC}.Debug|Any CPU.ActiveCfg = Debug|Any CPU
		{92BE577A-4C5C-4578-A6AA-54B5A9F5D5CC}.Debug|Any CPU.Build.0 = Debug|Any CPU
		{92BE577A-4C5C-4578-A6AA-54B5A9F5D5CC}.Release|Any CPU.ActiveCfg = Release|Any CPU
		{92BE577A-4C5C-4578-A6AA-54B5A9F5D5CC}.Release|Any CPU.Build.0 = Release|Any CPU
		{B7BBAB24-E56F-4B0F-BD9B-9AEC2982159D}.Debug|Any CPU.ActiveCfg = Debug|Any CPU
		{B7BBAB24-E56F-4B0F-BD9B-9AEC2982159D}.Debug|Any CPU.Build.0 = Debug|Any CPU
		{B7BBAB24-E56F-4B0F-BD9B-9AEC2982159D}.Release|Any CPU.ActiveCfg = Release|Any CPU
		{B7BBAB24-E56F-4B0F-BD9B-9AEC2982159D}.Release|Any CPU.Build.0 = Release|Any CPU
		{33584E2B-E1D1-4FF1-BA1C-19710336E1E3}.Debug|Any CPU.ActiveCfg = Debug|Any CPU
		{33584E2B-E1D1-4FF1-BA1C-19710336E1E3}.Debug|Any CPU.Build.0 = Debug|Any CPU
		{33584E2B-E1D1-4FF1-BA1C-19710336E1E3}.Release|Any CPU.ActiveCfg = Release|Any CPU
		{33584E2B-E1D1-4FF1-BA1C-19710336E1E3}.Release|Any CPU.Build.0 = Release|Any CPU
		{F3DB351D-5602-4306-B651-304E47E963D8}.Debug|Any CPU.ActiveCfg = Debug|Any CPU
		{F3DB351D-5602-4306-B651-304E47E963D8}.Debug|Any CPU.Build.0 = Debug|Any CPU
		{F3DB351D-5602-4306-B651-304E47E963D8}.Release|Any CPU.ActiveCfg = Release|Any CPU
		{F3DB351D-5602-4306-B651-304E47E963D8}.Release|Any CPU.Build.0 = Release|Any CPU
		{C085922C-92B4-4470-A61D-09F796425AA6}.Debug|Any CPU.ActiveCfg = Debug|Any CPU
		{C085922C-92B4-4470-A61D-09F796425AA6}.Debug|Any CPU.Build.0 = Debug|Any CPU
		{C085922C-92B4-4470-A61D-09F796425AA6}.Release|Any CPU.ActiveCfg = Release|Any CPU
		{C085922C-92B4-4470-A61D-09F796425AA6}.Release|Any CPU.Build.0 = Release|Any CPU
		{78B4FCD4-7FF5-4BF4-872D-59E8DC648FF6}.Debug|Any CPU.ActiveCfg = Debug|Any CPU
		{78B4FCD4-7FF5-4BF4-872D-59E8DC648FF6}.Debug|Any CPU.Build.0 = Debug|Any CPU
		{78B4FCD4-7FF5-4BF4-872D-59E8DC648FF6}.Release|Any CPU.ActiveCfg = Release|Any CPU
		{78B4FCD4-7FF5-4BF4-872D-59E8DC648FF6}.Release|Any CPU.Build.0 = Release|Any CPU
		{C7B7851A-BCE6-4116-82B2-A628CF814C6E}.Debug|Any CPU.ActiveCfg = Debug|Any CPU
		{C7B7851A-BCE6-4116-82B2-A628CF814C6E}.Debug|Any CPU.Build.0 = Debug|Any CPU
		{C7B7851A-BCE6-4116-82B2-A628CF814C6E}.Release|Any CPU.ActiveCfg = Release|Any CPU
		{C7B7851A-BCE6-4116-82B2-A628CF814C6E}.Release|Any CPU.Build.0 = Release|Any CPU
		{E8A4497E-6418-4F4B-BD21-EBB009892038}.Debug|Any CPU.ActiveCfg = Debug|Any CPU
		{E8A4497E-6418-4F4B-BD21-EBB009892038}.Debug|Any CPU.Build.0 = Debug|Any CPU
		{E8A4497E-6418-4F4B-BD21-EBB009892038}.Release|Any CPU.ActiveCfg = Release|Any CPU
		{E8A4497E-6418-4F4B-BD21-EBB009892038}.Release|Any CPU.Build.0 = Release|Any CPU
		{A86F60E8-8AF1-4FFD-95B0-36C4A22B1816}.Debug|Any CPU.ActiveCfg = Debug|Any CPU
		{A86F60E8-8AF1-4FFD-95B0-36C4A22B1816}.Debug|Any CPU.Build.0 = Debug|Any CPU
		{A86F60E8-8AF1-4FFD-95B0-36C4A22B1816}.Release|Any CPU.ActiveCfg = Release|Any CPU
		{A86F60E8-8AF1-4FFD-95B0-36C4A22B1816}.Release|Any CPU.Build.0 = Release|Any CPU
		{DEAA9585-EB00-4926-BC0C-D5BED96AE756}.Debug|Any CPU.ActiveCfg = Debug|Any CPU
		{DEAA9585-EB00-4926-BC0C-D5BED96AE756}.Debug|Any CPU.Build.0 = Debug|Any CPU
		{DEAA9585-EB00-4926-BC0C-D5BED96AE756}.Release|Any CPU.ActiveCfg = Release|Any CPU
		{DEAA9585-EB00-4926-BC0C-D5BED96AE756}.Release|Any CPU.Build.0 = Release|Any CPU
		{0E95B213-8C91-4F2C-B466-ACE6C8BF1A49}.Debug|Any CPU.ActiveCfg = Debug|Any CPU
		{0E95B213-8C91-4F2C-B466-ACE6C8BF1A49}.Debug|Any CPU.Build.0 = Debug|Any CPU
		{0E95B213-8C91-4F2C-B466-ACE6C8BF1A49}.Release|Any CPU.ActiveCfg = Release|Any CPU
		{0E95B213-8C91-4F2C-B466-ACE6C8BF1A49}.Release|Any CPU.Build.0 = Release|Any CPU
		{89B924B2-9F09-4003-B6E1-75F4898AADDB}.Debug|Any CPU.ActiveCfg = Debug|Any CPU
		{89B924B2-9F09-4003-B6E1-75F4898AADDB}.Debug|Any CPU.Build.0 = Debug|Any CPU
		{89B924B2-9F09-4003-B6E1-75F4898AADDB}.Release|Any CPU.ActiveCfg = Release|Any CPU
		{89B924B2-9F09-4003-B6E1-75F4898AADDB}.Release|Any CPU.Build.0 = Release|Any CPU
		{779D88EC-F20E-4DCF-81FE-8CC423E752FC}.Debug|Any CPU.ActiveCfg = Debug|Any CPU
		{779D88EC-F20E-4DCF-81FE-8CC423E752FC}.Debug|Any CPU.Build.0 = Debug|Any CPU
		{779D88EC-F20E-4DCF-81FE-8CC423E752FC}.Release|Any CPU.ActiveCfg = Release|Any CPU
		{779D88EC-F20E-4DCF-81FE-8CC423E752FC}.Release|Any CPU.Build.0 = Release|Any CPU
		{6BEED9E1-2E3A-48B1-9BDD-4A4C4621C496}.Debug|Any CPU.ActiveCfg = Debug|Any CPU
		{6BEED9E1-2E3A-48B1-9BDD-4A4C4621C496}.Debug|Any CPU.Build.0 = Debug|Any CPU
		{6BEED9E1-2E3A-48B1-9BDD-4A4C4621C496}.Release|Any CPU.ActiveCfg = Release|Any CPU
		{6BEED9E1-2E3A-48B1-9BDD-4A4C4621C496}.Release|Any CPU.Build.0 = Release|Any CPU
		{C07B88F4-F297-4078-92A4-123360E3EEEB}.Debug|Any CPU.ActiveCfg = Debug|Any CPU
		{C07B88F4-F297-4078-92A4-123360E3EEEB}.Debug|Any CPU.Build.0 = Debug|Any CPU
		{C07B88F4-F297-4078-92A4-123360E3EEEB}.Release|Any CPU.ActiveCfg = Release|Any CPU
		{C07B88F4-F297-4078-92A4-123360E3EEEB}.Release|Any CPU.Build.0 = Release|Any CPU
	EndGlobalSection
	GlobalSection(SolutionProperties) = preSolution
		HideSolutionNode = FALSE
	EndGlobalSection
	GlobalSection(NestedProjects) = preSolution
		{EBD7976C-ECCC-40DD-8174-28B0739A656A} = {518AE5E0-17A7-4B2C-8630-3C9F2D2EC57E}
		{518AE5E0-17A7-4B2C-8630-3C9F2D2EC57E} = {6C493771-5710-4B08-AE41-AC62358B1108}
		{AF965BD5-AC3F-4F39-919C-3C8613107ACE} = {518AE5E0-17A7-4B2C-8630-3C9F2D2EC57E}
		{FE5714DE-ABB1-4A5E-B8B9-03FB910BAA7D} = {518AE5E0-17A7-4B2C-8630-3C9F2D2EC57E}
		{B2268AD2-13B4-4285-851C-C0FEAD3041AB} = {518AE5E0-17A7-4B2C-8630-3C9F2D2EC57E}
		{FC93C2CB-2665-4F1F-B835-2B4C5977018D} = {518AE5E0-17A7-4B2C-8630-3C9F2D2EC57E}
		{CA0E78D5-802C-44A0-B69E-C7EAE3BD05D5} = {518AE5E0-17A7-4B2C-8630-3C9F2D2EC57E}
		{581D985B-2A93-44B7-9FD6-7DE2050A3765} = {518AE5E0-17A7-4B2C-8630-3C9F2D2EC57E}
		{E11279F2-1CFA-44EE-9506-0599281A26C8} = {518AE5E0-17A7-4B2C-8630-3C9F2D2EC57E}
		{48CB7B7F-99FD-43E2-99B2-90C6152F572A} = {518AE5E0-17A7-4B2C-8630-3C9F2D2EC57E}
		{82B5119F-AEDC-4E22-88DD-41B23B075AE3} = {518AE5E0-17A7-4B2C-8630-3C9F2D2EC57E}
		{18A2B1E3-E1BB-443B-A492-A01F886B5B62} = {518AE5E0-17A7-4B2C-8630-3C9F2D2EC57E}
		{AFF6DD91-11DE-489A-8778-228DE3831A8A} = {518AE5E0-17A7-4B2C-8630-3C9F2D2EC57E}
		{8348EDD2-3EAB-4F06-A7CA-C9E10F216FE0} = {518AE5E0-17A7-4B2C-8630-3C9F2D2EC57E}
		{26561F86-E659-436F-9F62-62B8524B0A78} = {518AE5E0-17A7-4B2C-8630-3C9F2D2EC57E}
		{D165A309-B2E2-4AD0-97B8-230DB7E8B32C} = {518AE5E0-17A7-4B2C-8630-3C9F2D2EC57E}
		{D96FCC75-CFC3-43CE-A56D-408C0C4DD99B} = {6C493771-5710-4B08-AE41-AC62358B1108}
		{58B82271-8DFC-4BBF-BC8F-92CDCC4903FD} = {D96FCC75-CFC3-43CE-A56D-408C0C4DD99B}
		{92BE577A-4C5C-4578-A6AA-54B5A9F5D5CC} = {D96FCC75-CFC3-43CE-A56D-408C0C4DD99B}
		{B7BBAB24-E56F-4B0F-BD9B-9AEC2982159D} = {D96FCC75-CFC3-43CE-A56D-408C0C4DD99B}
		{33584E2B-E1D1-4FF1-BA1C-19710336E1E3} = {D96FCC75-CFC3-43CE-A56D-408C0C4DD99B}
		{F3DB351D-5602-4306-B651-304E47E963D8} = {D96FCC75-CFC3-43CE-A56D-408C0C4DD99B}
		{C085922C-92B4-4470-A61D-09F796425AA6} = {D96FCC75-CFC3-43CE-A56D-408C0C4DD99B}
		{78B4FCD4-7FF5-4BF4-872D-59E8DC648FF6} = {D96FCC75-CFC3-43CE-A56D-408C0C4DD99B}
		{C7B7851A-BCE6-4116-82B2-A628CF814C6E} = {D96FCC75-CFC3-43CE-A56D-408C0C4DD99B}
		{E8A4497E-6418-4F4B-BD21-EBB009892038} = {D96FCC75-CFC3-43CE-A56D-408C0C4DD99B}
		{A86F60E8-8AF1-4FFD-95B0-36C4A22B1816} = {D96FCC75-CFC3-43CE-A56D-408C0C4DD99B}
		{DEAA9585-EB00-4926-BC0C-D5BED96AE756} = {D96FCC75-CFC3-43CE-A56D-408C0C4DD99B}
		{DE5230D2-FB6A-4A2C-A0D2-B5D206F7A337} = {6C493771-5710-4B08-AE41-AC62358B1108}
		{0E95B213-8C91-4F2C-B466-ACE6C8BF1A49} = {DE5230D2-FB6A-4A2C-A0D2-B5D206F7A337}
		{89B924B2-9F09-4003-B6E1-75F4898AADDB} = {DE5230D2-FB6A-4A2C-A0D2-B5D206F7A337}
		{779D88EC-F20E-4DCF-81FE-8CC423E752FC} = {DE5230D2-FB6A-4A2C-A0D2-B5D206F7A337}
		{6BEED9E1-2E3A-48B1-9BDD-4A4C4621C496} = {DE5230D2-FB6A-4A2C-A0D2-B5D206F7A337}
		{C07B88F4-F297-4078-92A4-123360E3EEEB} = {DE5230D2-FB6A-4A2C-A0D2-B5D206F7A337}
	EndGlobalSection
	GlobalSection(ExtensibilityGlobals) = postSolution
		SolutionGuid = {A664607B-5125-4573-A932-620F56C8C184}
	EndGlobalSection
EndGlobal
