
Microsoft Visual Studio Solution File, Format Version 12.00
# Visual Studio Version 17
VisualStudioVersion = 17.3.32811.315
MinimumVisualStudioVersion = 10.0.40219.1
Project("{9A19103F-16F7-4668-BE54-9A1E7A4F7556}") = "Revealsintention", "src\MeaningfulNames\Revealsintention\Revealsintention.csproj", "{EBD7976C-ECCC-40DD-8174-28B0739A656A}"
EndProject
Project("{2150E333-8FDC-42A3-9474-1A3956D46DE8}") = "src", "src", "{6C493771-5710-4B08-AE41-AC62358B1108}"
EndProject
Project("{2150E333-8FDC-42A3-9474-1A3956D46DE8}") = "MeaningfulNames", "MeaningfulNames", "{518AE5E0-17A7-4B2C-8630-3C9F2D2EC57E}"
EndProject
Project("{9A19103F-16F7-4668-BE54-9A1E7A4F7556}") = "NamesWhichVaryInSmallWays", "src\MeaningfulNames\NamesWhichVaryInSmallWays\NamesWhichVaryInSmallWays.csproj", "{AF965BD5-AC3F-4F39-919C-3C8613107ACE}"
EndProject
Project("{9A19103F-16F7-4668-BE54-9A1E7A4F7556}") = "MakeMeaningfulDistinctions", "src\MeaningfulNames\MakeMeaningfulDistinctions\MakeMeaningfulDistinctions.csproj", "{FE5714DE-ABB1-4A5E-B8B9-03FB910BAA7D}"
EndProject
Project("{9A19103F-16F7-4668-BE54-9A1E7A4F7556}") = "UsePronounceableNames", "src\MeaningfulNames\UsePronounceableNames\UsePronounceableNames.csproj", "{B2268AD2-13B4-4285-851C-C0FEAD3041AB}"
EndProject
Project("{9A19103F-16F7-4668-BE54-9A1E7A4F7556}") = "UseSearchableNames", "src\MeaningfulNames\UseSearchableNames\UseSearchableNames.csproj", "{FC93C2CB-2665-4F1F-B835-2B4C5977018D}"
EndProject
Project("{9A19103F-16F7-4668-BE54-9A1E7A4F7556}") = "AvoidEncoding", "src\MeaningfulNames\AvoidEncoding\AvoidEncoding.csproj", "{CA0E78D5-802C-44A0-B69E-C7EAE3BD05D5}"
EndProject
Project("{9A19103F-16F7-4668-BE54-9A1E7A4F7556}") = "InterfacesandImplementations", "src\MeaningfulNames\InterfacesandImplementations\InterfacesandImplementations.csproj", "{581D985B-2A93-44B7-9FD6-7DE2050A3765}"
EndProject
Project("{9A19103F-16F7-4668-BE54-9A1E7A4F7556}") = "AvoidMentalMapping", "src\MeaningfulNames\AvoidMentalMapping\AvoidMentalMapping.csproj", "{E11279F2-1CFA-44EE-9506-0599281A26C8}"
EndProject
Project("{9A19103F-16F7-4668-BE54-9A1E7A4F7556}") = "ClassNames", "src\MeaningfulNames\ClassNames\ClassNames.csproj", "{48CB7B7F-99FD-43E2-99B2-90C6152F572A}"
EndProject
Project("{9A19103F-16F7-4668-BE54-9A1E7A4F7556}") = "MethodNames", "src\MeaningfulNames\MethodNames\MethodNames.csproj", "{82B5119F-AEDC-4E22-88DD-41B23B075AE3}"
EndProject
Project("{9A19103F-16F7-4668-BE54-9A1E7A4F7556}") = "Pickonewordperconcept", "src\MeaningfulNames\Pickonewordperconcept\Pickonewordperconcept.csproj", "{18A2B1E3-E1BB-443B-A492-A01F886B5B62}"
EndProject
Project("{9A19103F-16F7-4668-BE54-9A1E7A4F7556}") = "DontPun", "src\MeaningfulNames\DontPun\DontPun.csproj", "{AFF6DD91-11DE-489A-8778-228DE3831A8A}"
EndProject
Project("{FAE04EC0-301F-11D3-BF4B-00C04F79EFBC}") = "SolutionProblemDomainNames", "src\MeaningfulNames\SolutionProblemDomainNames\SolutionProblemDomainNames.csproj", "{8348EDD2-3EAB-4F06-A7CA-C9E10F216FE0}"
EndProject
Project("{FAE04EC0-301F-11D3-BF4B-00C04F79EFBC}") = "AddMeaningfulcontext", "src\MeaningfulNames\AddMeaningfulcontext\AddMeaningfulcontext.csproj", "{26561F86-E659-436F-9F62-62B8524B0A78}"
EndProject
Project("{FAE04EC0-301F-11D3-BF4B-00C04F79EFBC}") = "DontAddGratuitousContext", "src\MeaningfulNames\DontAddGratuitousContext\DontAddGratuitousContext.csproj", "{D165A309-B2E2-4AD0-97B8-230DB7E8B32C}"
EndProject
Project("{2150E333-8FDC-42A3-9474-1A3956D46DE8}") = "Functions", "Functions", "{D96FCC75-CFC3-43CE-A56D-408C0C4DD99B}"
EndProject
Project("{FAE04EC0-301F-11D3-BF4B-00C04F79EFBC}") = "SmallAndSmaller", "src\Functions\SmallAndSmaller\SmallAndSmaller.csproj", "{58B82271-8DFC-4BBF-BC8F-92CDCC4903FD}"
EndProject
Project("{FAE04EC0-301F-11D3-BF4B-00C04F79EFBC}") = "BlocksandIndenting", "src\Functions\BlocksandIndenting\BlocksandIndenting.csproj", "{92BE577A-4C5C-4578-A6AA-54B5A9F5D5CC}"
EndProject
Global
	GlobalSection(SolutionConfigurationPlatforms) = preSolution
		Debug|Any CPU = Debug|Any CPU
		Release|Any CPU = Release|Any CPU
	EndGlobalSection
	GlobalSection(ProjectConfigurationPlatforms) = postSolution
		{EBD7976C-ECCC-40DD-8174-28B0739A656A}.Debug|Any CPU.ActiveCfg = Debug|Any CPU
		{EBD7976C-ECCC-40DD-8174-28B0739A656A}.Debug|Any CPU.Build.0 = Debug|Any CPU
		{EBD7976C-ECCC-40DD-8174-28B0739A656A}.Release|Any CPU.ActiveCfg = Release|Any CPU
		{EBD7976C-ECCC-40DD-8174-28B0739A656A}.Release|Any CPU.Build.0 = Release|Any CPU
		{AF965BD5-AC3F-4F39-919C-3C8613107ACE}.Debug|Any CPU.ActiveCfg = Debug|Any CPU
		{AF965BD5-AC3F-4F39-919C-3C8613107ACE}.Debug|Any CPU.Build.0 = Debug|Any CPU
		{AF965BD5-AC3F-4F39-919C-3C8613107ACE}.Release|Any CPU.ActiveCfg = Release|Any CPU
		{AF965BD5-AC3F-4F39-919C-3C8613107ACE}.Release|Any CPU.Build.0 = Release|Any CPU
		{FE5714DE-ABB1-4A5E-B8B9-03FB910BAA7D}.Debug|Any CPU.ActiveCfg = Debug|Any CPU
		{FE5714DE-ABB1-4A5E-B8B9-03FB910BAA7D}.Debug|Any CPU.Build.0 = Debug|Any CPU
		{FE5714DE-ABB1-4A5E-B8B9-03FB910BAA7D}.Release|Any CPU.ActiveCfg = Release|Any CPU
		{FE5714DE-ABB1-4A5E-B8B9-03FB910BAA7D}.Release|Any CPU.Build.0 = Release|Any CPU
		{B2268AD2-13B4-4285-851C-C0FEAD3041AB}.Debug|Any CPU.ActiveCfg = Debug|Any CPU
		{B2268AD2-13B4-4285-851C-C0FEAD3041AB}.Debug|Any CPU.Build.0 = Debug|Any CPU
		{B2268AD2-13B4-4285-851C-C0FEAD3041AB}.Release|Any CPU.ActiveCfg = Release|Any CPU
		{B2268AD2-13B4-4285-851C-C0FEAD3041AB}.Release|Any CPU.Build.0 = Release|Any CPU
		{FC93C2CB-2665-4F1F-B835-2B4C5977018D}.Debug|Any CPU.ActiveCfg = Debug|Any CPU
		{FC93C2CB-2665-4F1F-B835-2B4C5977018D}.Debug|Any CPU.Build.0 = Debug|Any CPU
		{FC93C2CB-2665-4F1F-B835-2B4C5977018D}.Release|Any CPU.ActiveCfg = Release|Any CPU
		{FC93C2CB-2665-4F1F-B835-2B4C5977018D}.Release|Any CPU.Build.0 = Release|Any CPU
		{CA0E78D5-802C-44A0-B69E-C7EAE3BD05D5}.Debug|Any CPU.ActiveCfg = Debug|Any CPU
		{CA0E78D5-802C-44A0-B69E-C7EAE3BD05D5}.Debug|Any CPU.Build.0 = Debug|Any CPU
		{CA0E78D5-802C-44A0-B69E-C7EAE3BD05D5}.Release|Any CPU.ActiveCfg = Release|Any CPU
		{CA0E78D5-802C-44A0-B69E-C7EAE3BD05D5}.Release|Any CPU.Build.0 = Release|Any CPU
		{581D985B-2A93-44B7-9FD6-7DE2050A3765}.Debug|Any CPU.ActiveCfg = Debug|Any CPU
		{581D985B-2A93-44B7-9FD6-7DE2050A3765}.Debug|Any CPU.Build.0 = Debug|Any CPU
		{581D985B-2A93-44B7-9FD6-7DE2050A3765}.Release|Any CPU.ActiveCfg = Release|Any CPU
		{581D985B-2A93-44B7-9FD6-7DE2050A3765}.Release|Any CPU.Build.0 = Release|Any CPU
		{E11279F2-1CFA-44EE-9506-0599281A26C8}.Debug|Any CPU.ActiveCfg = Debug|Any CPU
		{E11279F2-1CFA-44EE-9506-0599281A26C8}.Debug|Any CPU.Build.0 = Debug|Any CPU
		{E11279F2-1CFA-44EE-9506-0599281A26C8}.Release|Any CPU.ActiveCfg = Release|Any CPU
		{E11279F2-1CFA-44EE-9506-0599281A26C8}.Release|Any CPU.Build.0 = Release|Any CPU
		{48CB7B7F-99FD-43E2-99B2-90C6152F572A}.Debug|Any CPU.ActiveCfg = Debug|Any CPU
		{48CB7B7F-99FD-43E2-99B2-90C6152F572A}.Debug|Any CPU.Build.0 = Debug|Any CPU
		{48CB7B7F-99FD-43E2-99B2-90C6152F572A}.Release|Any CPU.ActiveCfg = Release|Any CPU
		{48CB7B7F-99FD-43E2-99B2-90C6152F572A}.Release|Any CPU.Build.0 = Release|Any CPU
		{82B5119F-AEDC-4E22-88DD-41B23B075AE3}.Debug|Any CPU.ActiveCfg = Debug|Any CPU
		{82B5119F-AEDC-4E22-88DD-41B23B075AE3}.Debug|Any CPU.Build.0 = Debug|Any CPU
		{82B5119F-AEDC-4E22-88DD-41B23B075AE3}.Release|Any CPU.ActiveCfg = Release|Any CPU
		{82B5119F-AEDC-4E22-88DD-41B23B075AE3}.Release|Any CPU.Build.0 = Release|Any CPU
		{18A2B1E3-E1BB-443B-A492-A01F886B5B62}.Debug|Any CPU.ActiveCfg = Debug|Any CPU
		{18A2B1E3-E1BB-443B-A492-A01F886B5B62}.Debug|Any CPU.Build.0 = Debug|Any CPU
		{18A2B1E3-E1BB-443B-A492-A01F886B5B62}.Release|Any CPU.ActiveCfg = Release|Any CPU
		{18A2B1E3-E1BB-443B-A492-A01F886B5B62}.Release|Any CPU.Build.0 = Release|Any CPU
		{AFF6DD91-11DE-489A-8778-228DE3831A8A}.Debug|Any CPU.ActiveCfg = Debug|Any CPU
		{AFF6DD91-11DE-489A-8778-228DE3831A8A}.Debug|Any CPU.Build.0 = Debug|Any CPU
		{AFF6DD91-11DE-489A-8778-228DE3831A8A}.Release|Any CPU.ActiveCfg = Release|Any CPU
		{AFF6DD91-11DE-489A-8778-228DE3831A8A}.Release|Any CPU.Build.0 = Release|Any CPU
		{8348EDD2-3EAB-4F06-A7CA-C9E10F216FE0}.Debug|Any CPU.ActiveCfg = Debug|Any CPU
		{8348EDD2-3EAB-4F06-A7CA-C9E10F216FE0}.Debug|Any CPU.Build.0 = Debug|Any CPU
		{8348EDD2-3EAB-4F06-A7CA-C9E10F216FE0}.Release|Any CPU.ActiveCfg = Release|Any CPU
		{8348EDD2-3EAB-4F06-A7CA-C9E10F216FE0}.Release|Any CPU.Build.0 = Release|Any CPU
		{26561F86-E659-436F-9F62-62B8524B0A78}.Debug|Any CPU.ActiveCfg = Debug|Any CPU
		{26561F86-E659-436F-9F62-62B8524B0A78}.Debug|Any CPU.Build.0 = Debug|Any CPU
		{26561F86-E659-436F-9F62-62B8524B0A78}.Release|Any CPU.ActiveCfg = Release|Any CPU
		{26561F86-E659-436F-9F62-62B8524B0A78}.Release|Any CPU.Build.0 = Release|Any CPU
		{D165A309-B2E2-4AD0-97B8-230DB7E8B32C}.Debug|Any CPU.ActiveCfg = Debug|Any CPU
		{D165A309-B2E2-4AD0-97B8-230DB7E8B32C}.Debug|Any CPU.Build.0 = Debug|Any CPU
		{D165A309-B2E2-4AD0-97B8-230DB7E8B32C}.Release|Any CPU.ActiveCfg = Release|Any CPU
		{D165A309-B2E2-4AD0-97B8-230DB7E8B32C}.Release|Any CPU.Build.0 = Release|Any CPU
		{58B82271-8DFC-4BBF-BC8F-92CDCC4903FD}.Debug|Any CPU.ActiveCfg = Debug|Any CPU
		{58B82271-8DFC-4BBF-BC8F-92CDCC4903FD}.Debug|Any CPU.Build.0 = Debug|Any CPU
		{58B82271-8DFC-4BBF-BC8F-92CDCC4903FD}.Release|Any CPU.ActiveCfg = Release|Any CPU
		{58B82271-8DFC-4BBF-BC8F-92CDCC4903FD}.Release|Any CPU.Build.0 = Release|Any CPU
		{92BE577A-4C5C-4578-A6AA-54B5A9F5D5CC}.Debug|Any CPU.ActiveCfg = Debug|Any CPU
		{92BE577A-4C5C-4578-A6AA-54B5A9F5D5CC}.Debug|Any CPU.Build.0 = Debug|Any CPU
		{92BE577A-4C5C-4578-A6AA-54B5A9F5D5CC}.Release|Any CPU.ActiveCfg = Release|Any CPU
		{92BE577A-4C5C-4578-A6AA-54B5A9F5D5CC}.Release|Any CPU.Build.0 = Release|Any CPU
	EndGlobalSection
	GlobalSection(SolutionProperties) = preSolution
		HideSolutionNode = FALSE
	EndGlobalSection
	GlobalSection(NestedProjects) = preSolution
		{EBD7976C-ECCC-40DD-8174-28B0739A656A} = {518AE5E0-17A7-4B2C-8630-3C9F2D2EC57E}
		{518AE5E0-17A7-4B2C-8630-3C9F2D2EC57E} = {6C493771-5710-4B08-AE41-AC62358B1108}
		{AF965BD5-AC3F-4F39-919C-3C8613107ACE} = {518AE5E0-17A7-4B2C-8630-3C9F2D2EC57E}
		{FE5714DE-ABB1-4A5E-B8B9-03FB910BAA7D} = {518AE5E0-17A7-4B2C-8630-3C9F2D2EC57E}
		{B2268AD2-13B4-4285-851C-C0FEAD3041AB} = {518AE5E0-17A7-4B2C-8630-3C9F2D2EC57E}
		{FC93C2CB-2665-4F1F-B835-2B4C5977018D} = {518AE5E0-17A7-4B2C-8630-3C9F2D2EC57E}
		{CA0E78D5-802C-44A0-B69E-C7EAE3BD05D5} = {518AE5E0-17A7-4B2C-8630-3C9F2D2EC57E}
		{581D985B-2A93-44B7-9FD6-7DE2050A3765} = {518AE5E0-17A7-4B2C-8630-3C9F2D2EC57E}
		{E11279F2-1CFA-44EE-9506-0599281A26C8} = {518AE5E0-17A7-4B2C-8630-3C9F2D2EC57E}
		{48CB7B7F-99FD-43E2-99B2-90C6152F572A} = {518AE5E0-17A7-4B2C-8630-3C9F2D2EC57E}
		{82B5119F-AEDC-4E22-88DD-41B23B075AE3} = {518AE5E0-17A7-4B2C-8630-3C9F2D2EC57E}
		{18A2B1E3-E1BB-443B-A492-A01F886B5B62} = {518AE5E0-17A7-4B2C-8630-3C9F2D2EC57E}
		{AFF6DD91-11DE-489A-8778-228DE3831A8A} = {518AE5E0-17A7-4B2C-8630-3C9F2D2EC57E}
		{8348EDD2-3EAB-4F06-A7CA-C9E10F216FE0} = {518AE5E0-17A7-4B2C-8630-3C9F2D2EC57E}
		{26561F86-E659-436F-9F62-62B8524B0A78} = {518AE5E0-17A7-4B2C-8630-3C9F2D2EC57E}
		{D165A309-B2E2-4AD0-97B8-230DB7E8B32C} = {518AE5E0-17A7-4B2C-8630-3C9F2D2EC57E}
		{D96FCC75-CFC3-43CE-A56D-408C0C4DD99B} = {6C493771-5710-4B08-AE41-AC62358B1108}
		{58B82271-8DFC-4BBF-BC8F-92CDCC4903FD} = {D96FCC75-CFC3-43CE-A56D-408C0C4DD99B}
		{92BE577A-4C5C-4578-A6AA-54B5A9F5D5CC} = {D96FCC75-CFC3-43CE-A56D-408C0C4DD99B}
	EndGlobalSection
	GlobalSection(ExtensibilityGlobals) = postSolution
		SolutionGuid = {A664607B-5125-4573-A932-620F56C8C184}
	EndGlobalSection
EndGlobal
